
Microsoft Visual Studio Solution File, Format Version 12.00
# Visual Studio Version 17
VisualStudioVersion = 17.2.32210.308
MinimumVisualStudioVersion = 10.0.40219.1
Project("{9A19103F-16F7-4668-BE54-9A1E7A4F7556}") = "OpenTap.Plugins.PreLoadCode", "OpenTap.Plugins.PreLoadCode\OpenTap.Plugins.PreLoadCode.csproj", "{64EF930D-006C-43C3-95AA-D8228CFE98A6}"
EndProject
Project("{FAE04EC0-301F-11D3-BF4B-00C04F79EFBC}") = "OpenTap.Plugins.PreLoadCode.Test", "OpenTap.Plugins.PreLoadCode.Test\OpenTap.Plugins.PreLoadCode.Test.csproj", "{9F2DA922-9205-4821-9097-5A829C3ADC7C}"
EndProject
Global
	GlobalSection(SolutionConfigurationPlatforms) = preSolution
		Debug|Any CPU = Debug|Any CPU
		Release|Any CPU = Release|Any CPU
	EndGlobalSection
	GlobalSection(ProjectConfigurationPlatforms) = postSolution
		{64EF930D-006C-43C3-95AA-D8228CFE98A6}.Debug|Any CPU.ActiveCfg = Debug|Any CPU
		{64EF930D-006C-43C3-95AA-D8228CFE98A6}.Debug|Any CPU.Build.0 = Debug|Any CPU
		{64EF930D-006C-43C3-95AA-D8228CFE98A6}.Release|Any CPU.ActiveCfg = Release|Any CPU
		{64EF930D-006C-43C3-95AA-D8228CFE98A6}.Release|Any CPU.Build.0 = Release|Any CPU
		{9F2DA922-9205-4821-9097-5A829C3ADC7C}.Debug|Any CPU.ActiveCfg = Debug|Any CPU
		{9F2DA922-9205-4821-9097-5A829C3ADC7C}.Debug|Any CPU.Build.0 = Debug|Any CPU
		{9F2DA922-9205-4821-9097-5A829C3ADC7C}.Release|Any CPU.ActiveCfg = Release|Any CPU
		{9F2DA922-9205-4821-9097-5A829C3ADC7C}.Release|Any CPU.Build.0 = Release|Any CPU
	EndGlobalSection
	GlobalSection(SolutionProperties) = preSolution
		HideSolutionNode = FALSE
	EndGlobalSection
	GlobalSection(ExtensibilityGlobals) = postSolution
		SolutionGuid = {71977C0F-97B8-4B3A-9F89-38C3D3ABE858}
	EndGlobalSection
EndGlobal
